// !$*UTF8*$!
{
	archiveVersion = 1;
	classes = {
	};
	objectVersion = 46;
	objects = {

/* Begin PBXBuildFile section */
		0938D2821E5E32920013C083 /* venueDetailsViewController.m in Sources */ = {isa = PBXBuildFile; fileRef = 0938D2811E5E32920013C083 /* venueDetailsViewController.m */; };
		09585A2D1E5C54C900F1D815 /* main.m in Sources */ = {isa = PBXBuildFile; fileRef = 09585A2C1E5C54C900F1D815 /* main.m */; };
		09585A301E5C54C900F1D815 /* AppDelegate.m in Sources */ = {isa = PBXBuildFile; fileRef = 09585A2F1E5C54C900F1D815 /* AppDelegate.m */; };
		09585A331E5C54C900F1D815 /* ViewController.m in Sources */ = {isa = PBXBuildFile; fileRef = 09585A321E5C54C900F1D815 /* ViewController.m */; };
		09585A381E5C54C900F1D815 /* Assets.xcassets in Resources */ = {isa = PBXBuildFile; fileRef = 09585A371E5C54C900F1D815 /* Assets.xcassets */; };
		09585A3B1E5C54C900F1D815 /* LaunchScreen.storyboard in Resources */ = {isa = PBXBuildFile; fileRef = 09585A391E5C54C900F1D815 /* LaunchScreen.storyboard */; };
		09585A441E5C55A100F1D815 /* FoursquareManager.m in Sources */ = {isa = PBXBuildFile; fileRef = 09585A431E5C55A100F1D815 /* FoursquareManager.m */; };
		09585A471E5C55E700F1D815 /* Venue.m in Sources */ = {isa = PBXBuildFile; fileRef = 09585A461E5C55E700F1D815 /* Venue.m */; };
		096F6E291E608B0300770663 /* mapViewController.m in Sources */ = {isa = PBXBuildFile; fileRef = 096F6E281E608B0300770663 /* mapViewController.m */; };
		096F6E2C1E60E52400770663 /* Main.storyboard in Resources */ = {isa = PBXBuildFile; fileRef = 096F6E2A1E60E52400770663 /* Main.storyboard */; };
		09726CA01E66D31B00976FD1 /* CustomTableViewCell.m in Sources */ = {isa = PBXBuildFile; fileRef = 09726C9F1E66D31B00976FD1 /* CustomTableViewCell.m */; };
		09726CA21E66DFA800976FD1 /* CustomTableViewCell.xib in Resources */ = {isa = PBXBuildFile; fileRef = 09726CA11E66DFA800976FD1 /* CustomTableViewCell.xib */; };
		A1E20949CCC40E3B87BCC4EC /* Pods_foursquare_lite.framework in Frameworks */ = {isa = PBXBuildFile; fileRef = D5AA44542402191926CFC050 /* Pods_foursquare_lite.framework */; };
/* End PBXBuildFile section */

/* Begin PBXFileReference section */
		0938D2801E5E32920013C083 /* venueDetailsViewController.h */ = {isa = PBXFileReference; fileEncoding = 4; lastKnownFileType = sourcecode.c.h; path = venueDetailsViewController.h; sourceTree = "<group>"; };
		0938D2811E5E32920013C083 /* venueDetailsViewController.m */ = {isa = PBXFileReference; fileEncoding = 4; lastKnownFileType = sourcecode.c.objc; path = venueDetailsViewController.m; sourceTree = "<group>"; };
		09585A281E5C54C900F1D815 /* foursquare-lite.app */ = {isa = PBXFileReference; explicitFileType = wrapper.application; includeInIndex = 0; path = "foursquare-lite.app"; sourceTree = BUILT_PRODUCTS_DIR; };
		09585A2C1E5C54C900F1D815 /* main.m */ = {isa = PBXFileReference; lastKnownFileType = sourcecode.c.objc; path = main.m; sourceTree = "<group>"; };
		09585A2E1E5C54C900F1D815 /* AppDelegate.h */ = {isa = PBXFileReference; lastKnownFileType = sourcecode.c.h; path = AppDelegate.h; sourceTree = "<group>"; };
		09585A2F1E5C54C900F1D815 /* AppDelegate.m */ = {isa = PBXFileReference; lastKnownFileType = sourcecode.c.objc; path = AppDelegate.m; sourceTree = "<group>"; };
		09585A311E5C54C900F1D815 /* ViewController.h */ = {isa = PBXFileReference; lastKnownFileType = sourcecode.c.h; path = ViewController.h; sourceTree = "<group>"; };
		09585A321E5C54C900F1D815 /* ViewController.m */ = {isa = PBXFileReference; lastKnownFileType = sourcecode.c.objc; path = ViewController.m; sourceTree = "<group>"; };
		09585A371E5C54C900F1D815 /* Assets.xcassets */ = {isa = PBXFileReference; lastKnownFileType = folder.assetcatalog; path = Assets.xcassets; sourceTree = "<group>"; };
		09585A3A1E5C54C900F1D815 /* Base */ = {isa = PBXFileReference; lastKnownFileType = file.storyboard; name = Base; path = Base.lproj/LaunchScreen.storyboard; sourceTree = "<group>"; };
		09585A3C1E5C54C900F1D815 /* Info.plist */ = {isa = PBXFileReference; lastKnownFileType = text.plist.xml; path = Info.plist; sourceTree = "<group>"; };
		09585A421E5C55A100F1D815 /* FoursquareManager.h */ = {isa = PBXFileReference; fileEncoding = 4; lastKnownFileType = sourcecode.c.h; path = FoursquareManager.h; sourceTree = "<group>"; };
		09585A431E5C55A100F1D815 /* FoursquareManager.m */ = {isa = PBXFileReference; fileEncoding = 4; lastKnownFileType = sourcecode.c.objc; path = FoursquareManager.m; sourceTree = "<group>"; };
		09585A451E5C55E700F1D815 /* Venue.h */ = {isa = PBXFileReference; fileEncoding = 4; lastKnownFileType = sourcecode.c.h; path = Venue.h; sourceTree = "<group>"; };
		09585A461E5C55E700F1D815 /* Venue.m */ = {isa = PBXFileReference; fileEncoding = 4; lastKnownFileType = sourcecode.c.objc; path = Venue.m; sourceTree = "<group>"; };
		096F6E271E608B0300770663 /* mapViewController.h */ = {isa = PBXFileReference; fileEncoding = 4; lastKnownFileType = sourcecode.c.h; path = mapViewController.h; sourceTree = "<group>"; };
		096F6E281E608B0300770663 /* mapViewController.m */ = {isa = PBXFileReference; fileEncoding = 4; lastKnownFileType = sourcecode.c.objc; path = mapViewController.m; sourceTree = "<group>"; };
		096F6E2B1E60E52400770663 /* Base */ = {isa = PBXFileReference; lastKnownFileType = file.storyboard; name = Base; path = Base.lproj/Main.storyboard; sourceTree = "<group>"; };
		09726C9E1E66D31B00976FD1 /* CustomTableViewCell.h */ = {isa = PBXFileReference; fileEncoding = 4; lastKnownFileType = sourcecode.c.h; path = CustomTableViewCell.h; sourceTree = "<group>"; };
		09726C9F1E66D31B00976FD1 /* CustomTableViewCell.m */ = {isa = PBXFileReference; fileEncoding = 4; lastKnownFileType = sourcecode.c.objc; path = CustomTableViewCell.m; sourceTree = "<group>"; };
		09726CA11E66DFA800976FD1 /* CustomTableViewCell.xib */ = {isa = PBXFileReference; fileEncoding = 4; lastKnownFileType = file.xib; path = CustomTableViewCell.xib; sourceTree = "<group>"; };
		4B64E6AAE7D3843715419539 /* Pods-foursquare-lite.release.xcconfig */ = {isa = PBXFileReference; includeInIndex = 1; lastKnownFileType = text.xcconfig; name = "Pods-foursquare-lite.release.xcconfig"; path = "Pods/Target Support Files/Pods-foursquare-lite/Pods-foursquare-lite.release.xcconfig"; sourceTree = "<group>"; };
		D392CD54642BDF9B20BCAC62 /* Pods-foursquare-lite.debug.xcconfig */ = {isa = PBXFileReference; includeInIndex = 1; lastKnownFileType = text.xcconfig; name = "Pods-foursquare-lite.debug.xcconfig"; path = "Pods/Target Support Files/Pods-foursquare-lite/Pods-foursquare-lite.debug.xcconfig"; sourceTree = "<group>"; };
		D5AA44542402191926CFC050 /* Pods_foursquare_lite.framework */ = {isa = PBXFileReference; explicitFileType = wrapper.framework; includeInIndex = 0; path = Pods_foursquare_lite.framework; sourceTree = BUILT_PRODUCTS_DIR; };
/* End PBXFileReference section */

/* Begin PBXFrameworksBuildPhase section */
		09585A251E5C54C800F1D815 /* Frameworks */ = {
			isa = PBXFrameworksBuildPhase;
			buildActionMask = 2147483647;
			files = (
				A1E20949CCC40E3B87BCC4EC /* Pods_foursquare_lite.framework in Frameworks */,
			);
			runOnlyForDeploymentPostprocessing = 0;
		};
/* End PBXFrameworksBuildPhase section */

/* Begin PBXGroup section */
		09585A1F1E5C54C800F1D815 = {
			isa = PBXGroup;
			children = (
				09585A2A1E5C54C900F1D815 /* foursquare-lite */,
				09585A291E5C54C900F1D815 /* Products */,
				FB29B096D2D5225BB0752769 /* Pods */,
				E03F1146D3B9D033C1692E0C /* Frameworks */,
			);
			sourceTree = "<group>";
		};
		09585A291E5C54C900F1D815 /* Products */ = {
			isa = PBXGroup;
			children = (
				09585A281E5C54C900F1D815 /* foursquare-lite.app */,
			);
			name = Products;
			sourceTree = "<group>";
		};
		09585A2A1E5C54C900F1D815 /* foursquare-lite */ = {
			isa = PBXGroup;
			children = (
				09585A2E1E5C54C900F1D815 /* AppDelegate.h */,
				09585A2F1E5C54C900F1D815 /* AppDelegate.m */,
				09585A311E5C54C900F1D815 /* ViewController.h */,
				09585A321E5C54C900F1D815 /* ViewController.m */,
				096F6E2A1E60E52400770663 /* Main.storyboard */,
				09585A371E5C54C900F1D815 /* Assets.xcassets */,
				09585A391E5C54C900F1D815 /* LaunchScreen.storyboard */,
				09585A3C1E5C54C900F1D815 /* Info.plist */,
				09585A2B1E5C54C900F1D815 /* Supporting Files */,
				09585A421E5C55A100F1D815 /* FoursquareManager.h */,
				09585A431E5C55A100F1D815 /* FoursquareManager.m */,
				09585A451E5C55E700F1D815 /* Venue.h */,
				09585A461E5C55E700F1D815 /* Venue.m */,
				0938D2801E5E32920013C083 /* venueDetailsViewController.h */,
				0938D2811E5E32920013C083 /* venueDetailsViewController.m */,
				096F6E271E608B0300770663 /* mapViewController.h */,
				096F6E281E608B0300770663 /* mapViewController.m */,
				09726C9E1E66D31B00976FD1 /* CustomTableViewCell.h */,
				09726C9F1E66D31B00976FD1 /* CustomTableViewCell.m */,
				09726CA11E66DFA800976FD1 /* CustomTableViewCell.xib */,
			);
			path = "foursquare-lite";
			sourceTree = "<group>";
		};
		09585A2B1E5C54C900F1D815 /* Supporting Files */ = {
			isa = PBXGroup;
			children = (
				09585A2C1E5C54C900F1D815 /* main.m */,
			);
			name = "Supporting Files";
			sourceTree = "<group>";
		};
		E03F1146D3B9D033C1692E0C /* Frameworks */ = {
			isa = PBXGroup;
			children = (
				D5AA44542402191926CFC050 /* Pods_foursquare_lite.framework */,
			);
			name = Frameworks;
			sourceTree = "<group>";
		};
		FB29B096D2D5225BB0752769 /* Pods */ = {
			isa = PBXGroup;
			children = (
				D392CD54642BDF9B20BCAC62 /* Pods-foursquare-lite.debug.xcconfig */,
				4B64E6AAE7D3843715419539 /* Pods-foursquare-lite.release.xcconfig */,
			);
			name = Pods;
			sourceTree = "<group>";
		};
/* End PBXGroup section */

/* Begin PBXNativeTarget section */
		09585A271E5C54C800F1D815 /* foursquare-lite */ = {
			isa = PBXNativeTarget;
			buildConfigurationList = 09585A3F1E5C54C900F1D815 /* Build configuration list for PBXNativeTarget "foursquare-lite" */;
			buildPhases = (
				14C3AEAC66AEF7C4B9A28D6D /* 📦 Check Pods Manifest.lock */,
				09585A241E5C54C800F1D815 /* Sources */,
				09585A251E5C54C800F1D815 /* Frameworks */,
				09585A261E5C54C800F1D815 /* Resources */,
				2E66F6200DFB66C94C4324A1 /* 📦 Embed Pods Frameworks */,
				969E9FA5FD1869FBA26A9D75 /* 📦 Copy Pods Resources */,
			);
			buildRules = (
			);
			dependencies = (
			);
			name = "foursquare-lite";
			productName = "foursquare-lite";
			productReference = 09585A281E5C54C900F1D815 /* foursquare-lite.app */;
			productType = "com.apple.product-type.application";
		};
/* End PBXNativeTarget section */

/* Begin PBXProject section */
		09585A201E5C54C800F1D815 /* Project object */ = {
			isa = PBXProject;
			attributes = {
				LastUpgradeCheck = 0820;
				ORGANIZATIONNAME = KacperPiatkowski;
				TargetAttributes = {
					09585A271E5C54C800F1D815 = {
						CreatedOnToolsVersion = 8.2.1;
						DevelopmentTeam = 474A8X442S;
						ProvisioningStyle = Automatic;
					};
				};
			};
			buildConfigurationList = 09585A231E5C54C800F1D815 /* Build configuration list for PBXProject "foursquare-lite" */;
			compatibilityVersion = "Xcode 3.2";
			developmentRegion = English;
			hasScannedForEncodings = 0;
			knownRegions = (
				en,
				Base,
			);
			mainGroup = 09585A1F1E5C54C800F1D815;
			productRefGroup = 09585A291E5C54C900F1D815 /* Products */;
			projectDirPath = "";
			projectRoot = "";
			targets = (
				09585A271E5C54C800F1D815 /* foursquare-lite */,
			);
		};
/* End PBXProject section */

/* Begin PBXResourcesBuildPhase section */
		09585A261E5C54C800F1D815 /* Resources */ = {
			isa = PBXResourcesBuildPhase;
			buildActionMask = 2147483647;
			files = (
				096F6E2C1E60E52400770663 /* Main.storyboard in Resources */,
				09585A3B1E5C54C900F1D815 /* LaunchScreen.storyboard in Resources */,
				09726CA21E66DFA800976FD1 /* CustomTableViewCell.xib in Resources */,
				09585A381E5C54C900F1D815 /* Assets.xcassets in Resources */,
			);
			runOnlyForDeploymentPostprocessing = 0;
		};
/* End PBXResourcesBuildPhase section */

/* Begin PBXShellScriptBuildPhase section */
		14C3AEAC66AEF7C4B9A28D6D /* 📦 Check Pods Manifest.lock */ = {
			isa = PBXShellScriptBuildPhase;
			buildActionMask = 2147483647;
			files = (
			);
			inputPaths = (
			);
			name = "📦 Check Pods Manifest.lock";
			outputPaths = (
			);
			runOnlyForDeploymentPostprocessing = 0;
			shellPath = /bin/sh;
			shellScript = "diff \"${PODS_ROOT}/../Podfile.lock\" \"${PODS_ROOT}/Manifest.lock\" > /dev/null\nif [[ $? != 0 ]] ; then\n    cat << EOM\nerror: The sandbox is not in sync with the Podfile.lock. Run 'pod install' or update your CocoaPods installation.\nEOM\n    exit 1\nfi\n";
			showEnvVarsInLog = 0;
		};
		2E66F6200DFB66C94C4324A1 /* 📦 Embed Pods Frameworks */ = {
			isa = PBXShellScriptBuildPhase;
			buildActionMask = 2147483647;
			files = (
			);
			inputPaths = (
			);
			name = "📦 Embed Pods Frameworks";
			outputPaths = (
			);
			runOnlyForDeploymentPostprocessing = 0;
			shellPath = /bin/sh;
			shellScript = "\"${SRCROOT}/Pods/Target Support Files/Pods-foursquare-lite/Pods-foursquare-lite-frameworks.sh\"\n";
			showEnvVarsInLog = 0;
		};
		969E9FA5FD1869FBA26A9D75 /* 📦 Copy Pods Resources */ = {
			isa = PBXShellScriptBuildPhase;
			buildActionMask = 2147483647;
			files = (
			);
			inputPaths = (
			);
			name = "📦 Copy Pods Resources";
			outputPaths = (
			);
			runOnlyForDeploymentPostprocessing = 0;
			shellPath = /bin/sh;
			shellScript = "\"${SRCROOT}/Pods/Target Support Files/Pods-foursquare-lite/Pods-foursquare-lite-resources.sh\"\n";
			showEnvVarsInLog = 0;
		};
/* End PBXShellScriptBuildPhase section */

/* Begin PBXSourcesBuildPhase section */
		09585A241E5C54C800F1D815 /* Sources */ = {
			isa = PBXSourcesBuildPhase;
			buildActionMask = 2147483647;
			files = (
				09585A331E5C54C900F1D815 /* ViewController.m in Sources */,
				09585A301E5C54C900F1D815 /* AppDelegate.m in Sources */,
				09585A441E5C55A100F1D815 /* FoursquareManager.m in Sources */,
				09585A471E5C55E700F1D815 /* Venue.m in Sources */,
				096F6E291E608B0300770663 /* mapViewController.m in Sources */,
				09585A2D1E5C54C900F1D815 /* main.m in Sources */,
				09726CA01E66D31B00976FD1 /* CustomTableViewCell.m in Sources */,
				0938D2821E5E32920013C083 /* venueDetailsViewController.m in Sources */,
			);
			runOnlyForDeploymentPostprocessing = 0;
		};
/* End PBXSourcesBuildPhase section */

/* Begin PBXVariantGroup section */
		09585A391E5C54C900F1D815 /* LaunchScreen.storyboard */ = {
			isa = PBXVariantGroup;
			children = (
				09585A3A1E5C54C900F1D815 /* Base */,
			);
			name = LaunchScreen.storyboard;
			sourceTree = "<group>";
		};
		096F6E2A1E60E52400770663 /* Main.storyboard */ = {
			isa = PBXVariantGroup;
			children = (
				096F6E2B1E60E52400770663 /* Base */,
			);
			name = Main.storyboard;
			sourceTree = "<group>";
		};
/* End PBXVariantGroup section */

/* Begin XCBuildConfiguration section */
		09585A3D1E5C54C900F1D815 /* Debug */ = {
			isa = XCBuildConfiguration;
			buildSettings = {
				ALWAYS_SEARCH_USER_PATHS = NO;
				CLANG_ANALYZER_NONNULL = YES;
				CLANG_CXX_LANGUAGE_STANDARD = "gnu++0x";
				CLANG_CXX_LIBRARY = "libc++";
				CLANG_ENABLE_MODULES = YES;
				CLANG_ENABLE_OBJC_ARC = YES;
				CLANG_WARN_BOOL_CONVERSION = YES;
				CLANG_WARN_CONSTANT_CONVERSION = YES;
				CLANG_WARN_DIRECT_OBJC_ISA_USAGE = YES_ERROR;
				CLANG_WARN_DOCUMENTATION_COMMENTS = YES;
				CLANG_WARN_EMPTY_BODY = YES;
				CLANG_WARN_ENUM_CONVERSION = YES;
				CLANG_WARN_INFINITE_RECURSION = YES;
				CLANG_WARN_INT_CONVERSION = YES;
				CLANG_WARN_OBJC_ROOT_CLASS = YES_ERROR;
				CLANG_WARN_SUSPICIOUS_MOVE = YES;
				CLANG_WARN_UNREACHABLE_CODE = YES;
				CLANG_WARN__DUPLICATE_METHOD_MATCH = YES;
				"CODE_SIGN_IDENTITY[sdk=iphoneos*]" = "iPhone Developer";
				COPY_PHASE_STRIP = NO;
				DEBUG_INFORMATION_FORMAT = dwarf;
				ENABLE_STRICT_OBJC_MSGSEND = YES;
				ENABLE_TESTABILITY = YES;
				GCC_C_LANGUAGE_STANDARD = gnu99;
				GCC_DYNAMIC_NO_PIC = NO;
				GCC_NO_COMMON_BLOCKS = YES;
				GCC_OPTIMIZATION_LEVEL = 0;
				GCC_PREPROCESSOR_DEFINITIONS = (
					"DEBUG=1",
					"$(inherited)",
				);
				GCC_WARN_64_TO_32_BIT_CONVERSION = YES;
				GCC_WARN_ABOUT_RETURN_TYPE = YES_ERROR;
				GCC_WARN_UNDECLARED_SELECTOR = YES;
				GCC_WARN_UNINITIALIZED_AUTOS = YES_AGGRESSIVE;
				GCC_WARN_UNUSED_FUNCTION = YES;
				GCC_WARN_UNUSED_VARIABLE = YES;
				IPHONEOS_DEPLOYMENT_TARGET = 10.2;
				MTL_ENABLE_DEBUG_INFO = YES;
				ONLY_ACTIVE_ARCH = YES;
				SDKROOT = iphoneos;
			};
			name = Debug;
		};
		09585A3E1E5C54C900F1D815 /* Release */ = {
			isa = XCBuildConfiguration;
			buildSettings = {
				ALWAYS_SEARCH_USER_PATHS = NO;
				CLANG_ANALYZER_NONNULL = YES;
				CLANG_CXX_LANGUAGE_STANDARD = "gnu++0x";
				CLANG_CXX_LIBRARY = "libc++";
				CLANG_ENABLE_MODULES = YES;
				CLANG_ENABLE_OBJC_ARC = YES;
				CLANG_WARN_BOOL_CONVERSION = YES;
				CLANG_WARN_CONSTANT_CONVERSION = YES;
				CLANG_WARN_DIRECT_OBJC_ISA_USAGE = YES_ERROR;
				CLANG_WARN_DOCUMENTATION_COMMENTS = YES;
				CLANG_WARN_EMPTY_BODY = YES;
				CLANG_WARN_ENUM_CONVERSION = YES;
				CLANG_WARN_INFINITE_RECURSION = YES;
				CLANG_WARN_INT_CONVERSION = YES;
				CLANG_WARN_OBJC_ROOT_CLASS = YES_ERROR;
				CLANG_WARN_SUSPICIOUS_MOVE = YES;
				CLANG_WARN_UNREACHABLE_CODE = YES;
				CLANG_WARN__DUPLICATE_METHOD_MATCH = YES;
				"CODE_SIGN_IDENTITY[sdk=iphoneos*]" = "iPhone Developer";
				COPY_PHASE_STRIP = NO;
				DEBUG_INFORMATION_FORMAT = "dwarf-with-dsym";
				ENABLE_NS_ASSERTIONS = NO;
				ENABLE_STRICT_OBJC_MSGSEND = YES;
				GCC_C_LANGUAGE_STANDARD = gnu99;
				GCC_NO_COMMON_BLOCKS = YES;
				GCC_WARN_64_TO_32_BIT_CONVERSION = YES;
				GCC_WARN_ABOUT_RETURN_TYPE = YES_ERROR;
				GCC_WARN_UNDECLARED_SELECTOR = YES;
				GCC_WARN_UNINITIALIZED_AUTOS = YES_AGGRESSIVE;
				GCC_WARN_UNUSED_FUNCTION = YES;
				GCC_WARN_UNUSED_VARIABLE = YES;
				IPHONEOS_DEPLOYMENT_TARGET = 10.2;
				MTL_ENABLE_DEBUG_INFO = NO;
				SDKROOT = iphoneos;
				VALIDATE_PRODUCT = YES;
			};
			name = Release;
		};
		09585A401E5C54C900F1D815 /* Debug */ = {
			isa = XCBuildConfiguration;
			baseConfigurationReference = D392CD54642BDF9B20BCAC62 /* Pods-foursquare-lite.debug.xcconfig */;
			buildSettings = {
				ASSETCATALOG_COMPILER_APPICON_NAME = AppIcon;
				"CODE_SIGN_IDENTITY[sdk=iphoneos*]" = "iPhone Developer";
				DEVELOPMENT_TEAM = 474A8X442S;
				INFOPLIST_FILE = "foursquare-lite/Info.plist";
				LD_RUNPATH_SEARCH_PATHS = "$(inherited) @executable_path/Frameworks";
				PRODUCT_BUNDLE_IDENTIFIER = "com.KacperPiatkowski.foursquare-lite";
				PRODUCT_NAME = "$(TARGET_NAME)";
			};
			name = Debug;
		};
		09585A411E5C54C900F1D815 /* Release */ = {
			isa = XCBuildConfiguration;
			baseConfigurationReference = 4B64E6AAE7D3843715419539 /* Pods-foursquare-lite.release.xcconfig */;
			buildSettings = {
				ASSETCATALOG_COMPILER_APPICON_NAME = AppIcon;
				"CODE_SIGN_IDENTITY[sdk=iphoneos*]" = "iPhone Developer";
				DEVELOPMENT_TEAM = 474A8X442S;
				INFOPLIST_FILE = "foursquare-lite/Info.plist";
				LD_RUNPATH_SEARCH_PATHS = "$(inherited) @executable_path/Frameworks";
				PRODUCT_BUNDLE_IDENTIFIER = "com.KacperPiatkowski.foursquare-lite";
				PRODUCT_NAME = "$(TARGET_NAME)";
			};
			name = Release;
		};
/* End XCBuildConfiguration section */

/* Begin XCConfigurationList section */
		09585A231E5C54C800F1D815 /* Build configuration list for PBXProject "foursquare-lite" */ = {
			isa = XCConfigurationList;
			buildConfigurations = (
				09585A3D1E5C54C900F1D815 /* Debug */,
				09585A3E1E5C54C900F1D815 /* Release */,
			);
			defaultConfigurationIsVisible = 0;
			defaultConfigurationName = Release;
		};
		09585A3F1E5C54C900F1D815 /* Build configuration list for PBXNativeTarget "foursquare-lite" */ = {
			isa = XCConfigurationList;
			buildConfigurations = (
				09585A401E5C54C900F1D815 /* Debug */,
				09585A411E5C54C900F1D815 /* Release */,
			);
			defaultConfigurationIsVisible = 0;
			defaultConfigurationName = Release;
		};
/* End XCConfigurationList section */
	};
	rootObject = 09585A201E5C54C800F1D815 /* Project object */;
}
